{
  "requires": true,
  "lockfileVersion": 1,
  "dependencies": {
    "dateformat": {
      "version": "1.0.7-1.2.3",
      "resolved": "https://registry.npmjs.org/dateformat/-/dateformat-1.0.7-1.2.3.tgz",
      "integrity": "sha1-67Vhu3IU7leo3CaHrasdVV3pQZw="
    },
    "ftpd": {
      "version": "0.2.15",
      "resolved": "https://registry.npmjs.org/ftpd/-/ftpd-0.2.15.tgz",
      "integrity": "sha1-h36tB85rW9i0xunqJwUQkku9CZ0=",
      "requires": {
        "dateformat": "1.0.7-1.2.3"
      }
    }
  }
}
